
Microsoft Visual Studio Solution File, Format Version 12.00
# Visual Studio Version 17
VisualStudioVersion = 17.4.33205.214
MinimumVisualStudioVersion = 10.0.40219.1
Project("{9A19103F-16F7-4668-BE54-9A1E7A4F7556}") = "Homework", "Homework.csproj", "{AEB5F0E7-818C-4B50-A050-1AD925A6600F}"
EndProject
Global
	GlobalSection(SolutionConfigurationPlatforms) = preSolution
		Debug|Any CPU = Debug|Any CPU
		Release|Any CPU = Release|Any CPU
	EndGlobalSection
	GlobalSection(ProjectConfigurationPlatforms) = postSolution
		{AEB5F0E7-818C-4B50-A050-1AD925A6600F}.Debug|Any CPU.ActiveCfg = Debug|Any CPU
		{AEB5F0E7-818C-4B50-A050-1AD925A6600F}.Debug|Any CPU.Build.0 = Debug|Any CPU
		{AEB5F0E7-818C-4B50-A050-1AD925A6600F}.Release|Any CPU.ActiveCfg = Release|Any CPU
		{AEB5F0E7-818C-4B50-A050-1AD925A6600F}.Release|Any CPU.Build.0 = Release|Any CPU
	EndGlobalSection
	GlobalSection(SolutionProperties) = preSolution
		HideSolutionNode = FALSE
	EndGlobalSection
	GlobalSection(ExtensibilityGlobals) = postSolution
		SolutionGuid = {0246A178-C185-4011-B13F-F0D81D374B09}
	EndGlobalSection
EndGlobal
